<?xml version="1.0" encoding="utf-8"?>
<Project ToolsVersion="4.0" xmlns="http://schemas.microsoft.com/developer/msbuild/2003">
  <ItemGroup>
    <Filter Include="Source Files">
      <UniqueIdentifier>{4FC737F1-C7A5-4376-A066-2A32D752A2FF}</UniqueIdentifier>
      <Extensions>cpp;c;cc;cxx;def;odl;idl;hpj;bat;asm;asmx</Extensions>
    </Filter>
    <Filter Include="Header Files">
      <UniqueIdentifier>{93995380-89BD-4b04-88EB-625FBE52EBFB}</UniqueIdentifier>
      <Extensions>h;hh;hpp;hxx;hm;inl;inc;xsd</Extensions>
    </Filter>
    <Filter Include="Resource Files">
      <UniqueIdentifier>{67DA6AB6-F800-4c08-8B7A-83BB121AAD01}</UniqueIdentifier>
      <Extensions>rc;ico;cur;bmp;dlg;rc2;rct;bin;rgs;gif;jpg;jpeg;jpe;resx;tiff;tif;png;wav;mfcribbon-ms</Extensions>
    </Filter>
  </ItemGroup>
  <ItemGroup>
    <ClCompile Include="..\src\getopt.c">
      <Filter>Source Files</Filter>
    </ClCompile>
    <ClCompile Include="..\src\health.c">
      <Filter>Source Files</Filter>
    </ClCompile>
    <ClCompile Include="..\src\inputManager.c">
      <Filter>Source Files</Filter>
    </ClCompile>
    <ClCompile Include="..\src\IO.c">
      <Filter>Source Files</Filter>
    </ClCompile>
    <ClCompile Include="..\src\krng.c">
      <Filter>Source Files</Filter>
    </ClCompile>
    <ClCompile Include="..\src\main.c">
      <Filter>Source Files</Filter>
    </ClCompile>
    <ClCompile Include="..\src\map.c">
      <Filter>Source Files</Filter>
    </ClCompile>
    <ClCompile Include="..\src\model.c">
      <Filter>Source Files</Filter>
    </ClCompile>
    <ClCompile Include="..\src\movement.c">
      <Filter>Source Files</Filter>
    </ClCompile>
    <ClCompile Include="..\src\open-simplex-noise.c">
      <Filter>Source Files</Filter>
    </ClCompile>
    <ClCompile Include="..\src\render.c">
      <Filter>Source Files</Filter>
    </ClCompile>
    <ClCompile Include="..\src\resistance.c">
      <Filter>Source Files</Filter>
    </ClCompile>
    <ClCompile Include="..\src\timer.c">
      <Filter>Source Files</Filter>
    </ClCompile>
    <ClCompile Include="..\src\actor.c">
      <Filter>Source Files</Filter>
    </ClCompile>
    <ClCompile Include="..\src\components.c">
      <Filter>Source Files</Filter>
    </ClCompile>
    <ClCompile Include="..\src\dataStructures.c">
      <Filter>Source Files</Filter>
    </ClCompile>
    <ClCompile Include="..\src\diana.c">
      <Filter>Source Files</Filter>
    </ClCompile>
    <ClCompile Include="..\src\dice.c">
      <Filter>Source Files</Filter>
    </ClCompile>
    <ClCompile Include="..\src\ECS.c">
      <Filter>Source Files</Filter>
    </ClCompile>
    <ClCompile Include="..\src\event.c">
      <Filter>Source Files</Filter>
    </ClCompile>
    <ClCompile Include="..\src\shipfactory.c">
      <Filter>Source Files</Filter>
    </ClCompile>
    <ClCompile Include="..\src\ShipDefParser.c">
      <Filter>Source Files</Filter>
    </ClCompile>
  </ItemGroup>
  <ItemGroup>
    <ClInclude Include="..\src\getopt.h">
      <Filter>Header Files</Filter>
    </ClInclude>
    <ClInclude Include="..\src\health.h">
      <Filter>Header Files</Filter>
    </ClInclude>
    <ClInclude Include="..\src\inputManager.h">
      <Filter>Header Files</Filter>
    </ClInclude>
    <ClInclude Include="..\src\IO.h">
      <Filter>Header Files</Filter>
    </ClInclude>
    <ClInclude Include="..\src\krng.h">
      <Filter>Header Files</Filter>
    </ClInclude>
    <ClInclude Include="..\src\map.h">
      <Filter>Header Files</Filter>
    </ClInclude>
    <ClInclude Include="..\src\model.h">
      <Filter>Header Files</Filter>
    </ClInclude>
    <ClInclude Include="..\src\oldwrecker.h">
      <Filter>Header Files</Filter>
    </ClInclude>
    <ClInclude Include="..\src\open-simplex-noise.h">
      <Filter>Header Files</Filter>
    </ClInclude>
    <ClInclude Include="..\src\resistance.h">
      <Filter>Header Files</Filter>
    </ClInclude>
    <ClInclude Include="..\src\systems.h">
      <Filter>Header Files</Filter>
    </ClInclude>
    <ClInclude Include="..\src\timer.h">
      <Filter>Header Files</Filter>
    </ClInclude>
    <ClInclude Include="..\src\util.h">
      <Filter>Header Files</Filter>
    </ClInclude>
    <ClInclude Include="..\src\wrecker.h">
      <Filter>Header Files</Filter>
    </ClInclude>
    <ClInclude Include="..\src\wunistd.h">
      <Filter>Header Files</Filter>
    </ClInclude>
    <ClInclude Include="..\src\BearLibTerminal.h">
      <Filter>Header Files</Filter>
    </ClInclude>
    <ClInclude Include="..\src\components.h">
      <Filter>Header Files</Filter>
    </ClInclude>
    <ClInclude Include="..\src\damage.h">
      <Filter>Header Files</Filter>
    </ClInclude>
    <ClInclude Include="..\src\dataStructures.h">
      <Filter>Header Files</Filter>
    </ClInclude>
    <ClInclude Include="..\src\dbg.h">
      <Filter>Header Files</Filter>
    </ClInclude>
    <ClInclude Include="..\src\defines.h">
      <Filter>Header Files</Filter>
    </ClInclude>
    <ClInclude Include="..\src\dice.h">
      <Filter>Header Files</Filter>
    </ClInclude>
    <ClInclude Include="..\src\ECS.h">
      <Filter>Header Files</Filter>
    </ClInclude>
    <ClInclude Include="..\src\event.h">
      <Filter>Header Files</Filter>
    </ClInclude>
    <ClInclude Include="..\src\shipfactory.h">
      <Filter>Header Files</Filter>
    </ClInclude>
    <ClInclude Include="..\src\ShipDefParser.h">
      <Filter>Header Files</Filter>
    </ClInclude>
  </ItemGroup>
</Project>